Microsoft Visual Studio Solution File, Format Version 12.00
# Visual Studio Version 17
VisualStudioVersion = 17.0.31903.59
MinimumVisualStudioVersion = 10.0.40219.1
Project("{2150E333-8FDC-42A3-9474-1A3956D46DE8}") = "csharp", "csharp", "{6F047E92-8A1C-4B77-9353-A7C547A1D924}"
EndProject
Project("{9A19103F-16F7-4668-BE54-9A1E7A4F7556}") = "CitationTracker", "csharp\CitationTracker.csproj", "{C5D80D31-2526-4588-B8AB-76E9C25B155E}"
EndProject
Project("{9A19103F-16F7-4668-BE54-9A1E7A4F7556}") = "CitationMSBuild", "csharp\CitationMSBuild.csproj", "{8EB01234-12AB-45CD-8901-23498EDA511F}"
EndProject
Project("{9A19103F-16F7-4668-BE54-9A1E7A4F7556}") = "CitationExample", "csharp\CitationExample\CitationExample.csproj", "{9AB01234-34CD-56EF-7809-ABCDEF012345}"
EndProject
Project("{2150E333-8FDC-42A3-9474-1A3956D46DE8}") = "Solution Items", "Solution Items", "{ABCDEF01-2345-6789-ABCD-EF0123456789}"
	ProjectSection(SolutionItems) = preProject
		.gitignore = .gitignore
		README.md = README.md
		CITATIONS.md = CITATIONS.md
	EndProjectSection
EndProject
Global
	GlobalSection(SolutionConfigurationPlatforms) = preSolution
		Debug|Any CPU = Debug|Any CPU
		Release|Any CPU = Release|Any CPU
	EndGlobalSection
	GlobalSection(ProjectConfigurationPlatforms) = postSolution
		{C5D80D31-2526-4588-B8AB-76E9C25B155E}.Debug|Any CPU.ActiveCfg = Debug|Any CPU
		{C5D80D31-2526-4588-B8AB-76E9C25B155E}.Debug|Any CPU.Build.0 = Debug|Any CPU
		{C5D80D31-2526-4588-B8AB-76E9C25B155E}.Release|Any CPU.ActiveCfg = Release|Any CPU
		{C5D80D31-2526-4588-B8AB-76E9C25B155E}.Release|Any CPU.Build.0 = Release|Any CPU
		{8EB01234-12AB-45CD-8901-23498EDA511F}.Debug|Any CPU.ActiveCfg = Debug|Any CPU
		{8EB01234-12AB-45CD-8901-23498EDA511F}.Debug|Any CPU.Build.0 = Debug|Any CPU
		{8EB01234-12AB-45CD-8901-23498EDA511F}.Release|Any CPU.ActiveCfg = Release|Any CPU
		{8EB01234-12AB-45CD-8901-23498EDA511F}.Release|Any CPU.Build.0 = Release|Any CPU
		{9AB01234-34CD-56EF-7809-ABCDEF012345}.Debug|Any CPU.ActiveCfg = Debug|Any CPU
		{9AB01234-34CD-56EF-7809-ABCDEF012345}.Debug|Any CPU.Build.0 = Debug|Any CPU
		{9AB01234-34CD-56EF-7809-ABCDEF012345}.Release|Any CPU.ActiveCfg = Release|Any CPU
		{9AB01234-34CD-56EF-7809-ABCDEF012345}.Release|Any CPU.Build.0 = Release|Any CPU
	EndGlobalSection
	GlobalSection(SolutionProperties) = preSolution
		HideSolutionNode = FALSE
	EndGlobalSection
	GlobalSection(NestedProjects) = preSolution
		{C5D80D31-2526-4588-B8AB-76E9C25B155E} = {6F047E92-8A1C-4B77-9353-A7C547A1D924}
		{8EB01234-12AB-45CD-8901-23498EDA511F} = {6F047E92-8A1C-4B77-9353-A7C547A1D924}
		{9AB01234-34CD-56EF-7809-ABCDEF012345} = {6F047E92-8A1C-4B77-9353-A7C547A1D924}
	EndGlobalSection
	GlobalSection(ExtensibilityGlobals) = postSolution
		SolutionGuid = {0BCA6789-EF01-2345-6789-ABCDEF012345}
	EndGlobalSection
EndGlobal
